
Microsoft Visual Studio Solution File, Format Version 12.00
# Visual Studio Version 17
VisualStudioVersion = 17.10.35122.118
MinimumVisualStudioVersion = 10.0.40219.1
Project("{FAE04EC0-301F-11D3-BF4B-00C04F79EFBC}") = "blazor-todo", "blazor-todo.csproj", "{28E662D1-9B92-4E7E-BEB6-E32DDEDAC8F2}"
EndProject
Global
	GlobalSection(SolutionConfigurationPlatforms) = preSolution
		Debug|Any CPU = Debug|Any CPU
		Release|Any CPU = Release|Any CPU
	EndGlobalSection
	GlobalSection(ProjectConfigurationPlatforms) = postSolution
		{28E662D1-9B92-4E7E-BEB6-E32DDEDAC8F2}.Debug|Any CPU.ActiveCfg = Debug|Any CPU
		{28E662D1-9B92-4E7E-BEB6-E32DDEDAC8F2}.Debug|Any CPU.Build.0 = Debug|Any CPU
		{28E662D1-9B92-4E7E-BEB6-E32DDEDAC8F2}.Release|Any CPU.ActiveCfg = Release|Any CPU
		{28E662D1-9B92-4E7E-BEB6-E32DDEDAC8F2}.Release|Any CPU.Build.0 = Release|Any CPU
	EndGlobalSection
	GlobalSection(SolutionProperties) = preSolution
		HideSolutionNode = FALSE
	EndGlobalSection
	GlobalSection(ExtensibilityGlobals) = postSolution
		SolutionGuid = {E757EA29-3895-4BAD-BDCE-72BA596A9FA9}
	EndGlobalSection
EndGlobal
